
Microsoft Visual Studio Solution File, Format Version 12.00
# Visual Studio 2013
VisualStudioVersion = 12.0.30501.0
MinimumVisualStudioVersion = 10.0.40219.1
Project("{FAE04EC0-301F-11D3-BF4B-00C04F79EFBC}") = "BootstrapApplication", "BootstrapApplication\BootstrapApplication.csproj", "{6987A639-CFFE-4A25-BE4A-41AAC217EC38}"
EndProject
Project("{FAE04EC0-301F-11D3-BF4B-00C04F79EFBC}") = "MyServices", "MyServices\MyServices.csproj", "{1CBDC1FA-FCF4-46AE-AF98-0DEB7F9234D7}"
EndProject
Global
	GlobalSection(SolutionConfigurationPlatforms) = preSolution
		Debug|Any CPU = Debug|Any CPU
		Release|Any CPU = Release|Any CPU
	EndGlobalSection
	GlobalSection(ProjectConfigurationPlatforms) = postSolution
		{6987A639-CFFE-4A25-BE4A-41AAC217EC38}.Debug|Any CPU.ActiveCfg = Debug|Any CPU
		{6987A639-CFFE-4A25-BE4A-41AAC217EC38}.Debug|Any CPU.Build.0 = Debug|Any CPU
		{6987A639-CFFE-4A25-BE4A-41AAC217EC38}.Release|Any CPU.ActiveCfg = Release|Any CPU
		{6987A639-CFFE-4A25-BE4A-41AAC217EC38}.Release|Any CPU.Build.0 = Release|Any CPU
		{1CBDC1FA-FCF4-46AE-AF98-0DEB7F9234D7}.Debug|Any CPU.ActiveCfg = Debug|Any CPU
		{1CBDC1FA-FCF4-46AE-AF98-0DEB7F9234D7}.Debug|Any CPU.Build.0 = Debug|Any CPU
		{1CBDC1FA-FCF4-46AE-AF98-0DEB7F9234D7}.Release|Any CPU.ActiveCfg = Release|Any CPU
		{1CBDC1FA-FCF4-46AE-AF98-0DEB7F9234D7}.Release|Any CPU.Build.0 = Release|Any CPU
	EndGlobalSection
	GlobalSection(SolutionProperties) = preSolution
		HideSolutionNode = FALSE
	EndGlobalSection
EndGlobal
