
Microsoft Visual Studio Solution File, Format Version 12.00
# Visual Studio 2013
VisualStudioVersion = 12.0.30626.0
MinimumVisualStudioVersion = 10.0.40219.1
Project("{FAE04EC0-301F-11D3-BF4B-00C04F79EFBC}") = "angularjs-crud-sample", "angularjs-crud-sample\angularjs-crud-sample.csproj", "{C5F91578-AC3F-461B-9CE6-933693FE6471}"
EndProject
Project("{2150E333-8FDC-42A3-9474-1A3956D46DE8}") = "Solution Items", "Solution Items", "{A6BD98A0-2C97-44AC-ACC2-0454C5F824A5}"
	ProjectSection(SolutionItems) = preProject
		C:\USERS\SCHAMARTHI\APPDATA\LOCAL\MICROSOFT\VISUALSTUDIO\12.0\EXTENSIONS\ZOWB3BKT.LAE\description.html = C:\USERS\SCHAMARTHI\APPDATA\LOCAL\MICROSOFT\VISUALSTUDIO\12.0\EXTENSIONS\ZOWB3BKT.LAE\description.html
	EndProjectSection
EndProject
Global
	GlobalSection(SolutionConfigurationPlatforms) = preSolution
		Debug|Any CPU = Debug|Any CPU
		Release|Any CPU = Release|Any CPU
	EndGlobalSection
	GlobalSection(ProjectConfigurationPlatforms) = postSolution
		{C5F91578-AC3F-461B-9CE6-933693FE6471}.Debug|Any CPU.ActiveCfg = Debug|Any CPU
		{C5F91578-AC3F-461B-9CE6-933693FE6471}.Debug|Any CPU.Build.0 = Debug|Any CPU
		{C5F91578-AC3F-461B-9CE6-933693FE6471}.Release|Any CPU.ActiveCfg = Release|Any CPU
		{C5F91578-AC3F-461B-9CE6-933693FE6471}.Release|Any CPU.Build.0 = Release|Any CPU
	EndGlobalSection
	GlobalSection(SolutionProperties) = preSolution
		HideSolutionNode = FALSE
	EndGlobalSection
EndGlobal
